<Solution>
  <Configurations>
    <Platform Name="x64" />
  </Configurations>
  <Project Path="Bim.FamilyManager.Abstractions/Bim.FamilyManager.Abstractions.csproj">
    <Platform Project="x64" />
  </Project>
  <Project Path="Bim.FamilyManager.Base/Bim.FamilyManager.Base.csproj">
    <Platform Project="x64" />
  </Project>
  <Project Path="Bim.FamilyManager.Source.AzureStorage/Bim.FamilyManager.Source.AzureStorage.csproj">
    <Platform Project="x64" />
  </Project>
  <Project Path="Bim.FamilyManager.Source.Directory/Bim.FamilyManager.Source.Directory.csproj">
    <Platform Project="x64" />
  </Project>
  <Project Path="Bim.FamilyManager.Ui.FamilyExplorer/Bim.FamilyManager.Ui.FamilyExplorer.csproj">
    <Platform Project="x64" />
  </Project>
  <Project Path="Bim.FamilyManager.Ui.FamilyNavigator/Bim.FamilyManager.Ui.FamilyNavigator.csproj">
    <Platform Project="x64" />
  </Project>
  <Project Path="Bim.FamilyManager.Ui/Bim.FamilyManager.Ui.csproj">
    <Platform Project="x64" />
  </Project>
  <Project Path="Bim.FamilyManager/Bim.FamilyManager.csproj">
    <Platform Project="x64" />
  </Project>
</Solution>
